// !$*UTF8*$!
{
	archiveVersion = 1;
	classes = {
	};
	objectVersion = 46;
	objects = {

/* Begin PBXBuildFile section */
		7C1E97C342FC9374E7E7227C /* libPods-Red.a in Frameworks */ = {isa = PBXBuildFile; fileRef = 34F9B39990F23153DB72FF6B /* libPods-Red.a */; };
		D70013261C37A65B008789EB /* main.m in Sources */ = {isa = PBXBuildFile; fileRef = D70013251C37A65B008789EB /* main.m */; };
		D70013291C37A65B008789EB /* AppDelegate.m in Sources */ = {isa = PBXBuildFile; fileRef = D70013281C37A65B008789EB /* AppDelegate.m */; };
		D700132C1C37A65B008789EB /* ViewController.m in Sources */ = {isa = PBXBuildFile; fileRef = D700132B1C37A65B008789EB /* ViewController.m */; };
		D700132F1C37A65B008789EB /* Main.storyboard in Resources */ = {isa = PBXBuildFile; fileRef = D700132D1C37A65B008789EB /* Main.storyboard */; };
		D70013311C37A65B008789EB /* Assets.xcassets in Resources */ = {isa = PBXBuildFile; fileRef = D70013301C37A65B008789EB /* Assets.xcassets */; };
		D70013341C37A65B008789EB /* LaunchScreen.storyboard in Resources */ = {isa = PBXBuildFile; fileRef = D70013321C37A65B008789EB /* LaunchScreen.storyboard */; };
		D700133F1C37A65B008789EB /* RedTests.m in Sources */ = {isa = PBXBuildFile; fileRef = D700133E1C37A65B008789EB /* RedTests.m */; };
		D700134A1C37A65B008789EB /* RedUITests.m in Sources */ = {isa = PBXBuildFile; fileRef = D70013491C37A65B008789EB /* RedUITests.m */; };
		D700135A1C37B12B008789EB /* MainViewController.m in Sources */ = {isa = PBXBuildFile; fileRef = D70013591C37B12B008789EB /* MainViewController.m */; };
		D700135D1C37B13F008789EB /* ProfileViewController.m in Sources */ = {isa = PBXBuildFile; fileRef = D700135C1C37B13F008789EB /* ProfileViewController.m */; };
		D70013601C37B15B008789EB /* LoveHappensViewController.m in Sources */ = {isa = PBXBuildFile; fileRef = D700135F1C37B15B008789EB /* LoveHappensViewController.m */; };
		D70013631C37B174008789EB /* InterestsViewController.m in Sources */ = {isa = PBXBuildFile; fileRef = D70013621C37B174008789EB /* InterestsViewController.m */; };
		D70013671C37B2CB008789EB /* DBButton.m in Sources */ = {isa = PBXBuildFile; fileRef = D70013661C37B2CB008789EB /* DBButton.m */; };
		D70013721C38F6C1008789EB /* CoreGraphics.framework in Frameworks */ = {isa = PBXBuildFile; fileRef = D70013711C38F6C1008789EB /* CoreGraphics.framework */; };
		D70013741C38F6D0008789EB /* Foundation.framework in Frameworks */ = {isa = PBXBuildFile; fileRef = D70013731C38F6D0008789EB /* Foundation.framework */; };
		D70013761C38F6DA008789EB /* UIKit.framework in Frameworks */ = {isa = PBXBuildFile; fileRef = D70013751C38F6DA008789EB /* UIKit.framework */; };
		D70013781C38F6EA008789EB /* SystemConfiguration.framework in Frameworks */ = {isa = PBXBuildFile; fileRef = D70013771C38F6EA008789EB /* SystemConfiguration.framework */; };
		D700137A1C38F6FD008789EB /* Security.framework in Frameworks */ = {isa = PBXBuildFile; fileRef = D70013791C38F6FD008789EB /* Security.framework */; };
		D700137C1C38F709008789EB /* QuartzCore.framework in Frameworks */ = {isa = PBXBuildFile; fileRef = D700137B1C38F709008789EB /* QuartzCore.framework */; };
		D700137E1C38F716008789EB /* MobileCoreServices.framework in Frameworks */ = {isa = PBXBuildFile; fileRef = D700137D1C38F716008789EB /* MobileCoreServices.framework */; };
		D70013801C38F724008789EB /* CFNetwork.framework in Frameworks */ = {isa = PBXBuildFile; fileRef = D700137F1C38F724008789EB /* CFNetwork.framework */; };
		D70013821C38F733008789EB /* AudioToolbox.framework in Frameworks */ = {isa = PBXBuildFile; fileRef = D70013811C38F733008789EB /* AudioToolbox.framework */; };
		D70013841C38F743008789EB /* CoreLocation.framework in Frameworks */ = {isa = PBXBuildFile; fileRef = D70013831C38F743008789EB /* CoreLocation.framework */; };
		D70013861C38F74D008789EB /* StoreKit.framework in Frameworks */ = {isa = PBXBuildFile; fileRef = D70013851C38F74D008789EB /* StoreKit.framework */; };
		D70013A11C391517008789EB /* MyHistoryViewController.m in Sources */ = {isa = PBXBuildFile; fileRef = D70013A01C391517008789EB /* MyHistoryViewController.m */; };
		D70013A61C392158008789EB /* LoveHappensTableViewCell.m in Sources */ = {isa = PBXBuildFile; fileRef = D70013A41C392158008789EB /* LoveHappensTableViewCell.m */; };
		D70013A71C392158008789EB /* LoveHappensTableViewCell.xib in Resources */ = {isa = PBXBuildFile; fileRef = D70013A51C392158008789EB /* LoveHappensTableViewCell.xib */; };
		D70013AA1C392923008789EB /* ActionChoiceViewController.m in Sources */ = {isa = PBXBuildFile; fileRef = D70013A91C392923008789EB /* ActionChoiceViewController.m */; };
		D70013AD1C392C9F008789EB /* SendActionViewController.m in Sources */ = {isa = PBXBuildFile; fileRef = D70013AC1C392C9F008789EB /* SendActionViewController.m */; };
/* End PBXBuildFile section */

/* Begin PBXContainerItemProxy section */
		D700133B1C37A65B008789EB /* PBXContainerItemProxy */ = {
			isa = PBXContainerItemProxy;
			containerPortal = D70013191C37A65A008789EB /* Project object */;
			proxyType = 1;
			remoteGlobalIDString = D70013201C37A65B008789EB;
			remoteInfo = Red;
		};
		D70013461C37A65B008789EB /* PBXContainerItemProxy */ = {
			isa = PBXContainerItemProxy;
			containerPortal = D70013191C37A65A008789EB /* Project object */;
			proxyType = 1;
			remoteGlobalIDString = D70013201C37A65B008789EB;
			remoteInfo = Red;
		};
/* End PBXContainerItemProxy section */

/* Begin PBXFileReference section */
		0552B29D5E0BD2AE7814B48D /* Pods-Red.release.xcconfig */ = {isa = PBXFileReference; includeInIndex = 1; lastKnownFileType = text.xcconfig; name = "Pods-Red.release.xcconfig"; path = "Pods/Target Support Files/Pods-Red/Pods-Red.release.xcconfig"; sourceTree = "<group>"; };
		34F9B39990F23153DB72FF6B /* libPods-Red.a */ = {isa = PBXFileReference; explicitFileType = archive.ar; includeInIndex = 0; path = "libPods-Red.a"; sourceTree = BUILT_PRODUCTS_DIR; };
		D70013211C37A65B008789EB /* Red.app */ = {isa = PBXFileReference; explicitFileType = wrapper.application; includeInIndex = 0; path = Red.app; sourceTree = BUILT_PRODUCTS_DIR; };
		D70013251C37A65B008789EB /* main.m */ = {isa = PBXFileReference; lastKnownFileType = sourcecode.c.objc; path = main.m; sourceTree = "<group>"; };
		D70013271C37A65B008789EB /* AppDelegate.h */ = {isa = PBXFileReference; lastKnownFileType = sourcecode.c.h; path = AppDelegate.h; sourceTree = "<group>"; };
		D70013281C37A65B008789EB /* AppDelegate.m */ = {isa = PBXFileReference; lastKnownFileType = sourcecode.c.objc; path = AppDelegate.m; sourceTree = "<group>"; };
		D700132A1C37A65B008789EB /* ViewController.h */ = {isa = PBXFileReference; lastKnownFileType = sourcecode.c.h; path = ViewController.h; sourceTree = "<group>"; };
		D700132B1C37A65B008789EB /* ViewController.m */ = {isa = PBXFileReference; lastKnownFileType = sourcecode.c.objc; path = ViewController.m; sourceTree = "<group>"; };
		D700132E1C37A65B008789EB /* Base */ = {isa = PBXFileReference; lastKnownFileType = file.storyboard; name = Base; path = Base.lproj/Main.storyboard; sourceTree = "<group>"; };
		D70013301C37A65B008789EB /* Assets.xcassets */ = {isa = PBXFileReference; lastKnownFileType = folder.assetcatalog; path = Assets.xcassets; sourceTree = "<group>"; };
		D70013331C37A65B008789EB /* Base */ = {isa = PBXFileReference; lastKnownFileType = file.storyboard; name = Base; path = Base.lproj/LaunchScreen.storyboard; sourceTree = "<group>"; };
		D70013351C37A65B008789EB /* Info.plist */ = {isa = PBXFileReference; lastKnownFileType = text.plist.xml; path = Info.plist; sourceTree = "<group>"; };
		D700133A1C37A65B008789EB /* RedTests.xctest */ = {isa = PBXFileReference; explicitFileType = wrapper.cfbundle; includeInIndex = 0; path = RedTests.xctest; sourceTree = BUILT_PRODUCTS_DIR; };
		D700133E1C37A65B008789EB /* RedTests.m */ = {isa = PBXFileReference; lastKnownFileType = sourcecode.c.objc; path = RedTests.m; sourceTree = "<group>"; };
		D70013401C37A65B008789EB /* Info.plist */ = {isa = PBXFileReference; lastKnownFileType = text.plist.xml; path = Info.plist; sourceTree = "<group>"; };
		D70013451C37A65B008789EB /* RedUITests.xctest */ = {isa = PBXFileReference; explicitFileType = wrapper.cfbundle; includeInIndex = 0; path = RedUITests.xctest; sourceTree = BUILT_PRODUCTS_DIR; };
		D70013491C37A65B008789EB /* RedUITests.m */ = {isa = PBXFileReference; lastKnownFileType = sourcecode.c.objc; path = RedUITests.m; sourceTree = "<group>"; };
		D700134B1C37A65B008789EB /* Info.plist */ = {isa = PBXFileReference; lastKnownFileType = text.plist.xml; path = Info.plist; sourceTree = "<group>"; };
		D70013581C37B12B008789EB /* MainViewController.h */ = {isa = PBXFileReference; fileEncoding = 4; lastKnownFileType = sourcecode.c.h; path = MainViewController.h; sourceTree = "<group>"; };
		D70013591C37B12B008789EB /* MainViewController.m */ = {isa = PBXFileReference; fileEncoding = 4; lastKnownFileType = sourcecode.c.objc; path = MainViewController.m; sourceTree = "<group>"; };
		D700135B1C37B13F008789EB /* ProfileViewController.h */ = {isa = PBXFileReference; fileEncoding = 4; lastKnownFileType = sourcecode.c.h; path = ProfileViewController.h; sourceTree = "<group>"; };
		D700135C1C37B13F008789EB /* ProfileViewController.m */ = {isa = PBXFileReference; fileEncoding = 4; lastKnownFileType = sourcecode.c.objc; path = ProfileViewController.m; sourceTree = "<group>"; };
		D700135E1C37B15B008789EB /* LoveHappensViewController.h */ = {isa = PBXFileReference; fileEncoding = 4; lastKnownFileType = sourcecode.c.h; path = LoveHappensViewController.h; sourceTree = "<group>"; };
		D700135F1C37B15B008789EB /* LoveHappensViewController.m */ = {isa = PBXFileReference; fileEncoding = 4; lastKnownFileType = sourcecode.c.objc; path = LoveHappensViewController.m; sourceTree = "<group>"; };
		D70013611C37B174008789EB /* InterestsViewController.h */ = {isa = PBXFileReference; fileEncoding = 4; lastKnownFileType = sourcecode.c.h; path = InterestsViewController.h; sourceTree = "<group>"; };
		D70013621C37B174008789EB /* InterestsViewController.m */ = {isa = PBXFileReference; fileEncoding = 4; lastKnownFileType = sourcecode.c.objc; path = InterestsViewController.m; sourceTree = "<group>"; };
		D70013651C37B2CB008789EB /* DBButton.h */ = {isa = PBXFileReference; fileEncoding = 4; lastKnownFileType = sourcecode.c.h; path = DBButton.h; sourceTree = "<group>"; };
		D70013661C37B2CB008789EB /* DBButton.m */ = {isa = PBXFileReference; fileEncoding = 4; lastKnownFileType = sourcecode.c.objc; path = DBButton.m; sourceTree = "<group>"; };
		D70013681C37B67E008789EB /* Red_Prefix.pch */ = {isa = PBXFileReference; lastKnownFileType = sourcecode.c.h; path = Red_Prefix.pch; sourceTree = "<group>"; };
		D70013711C38F6C1008789EB /* CoreGraphics.framework */ = {isa = PBXFileReference; lastKnownFileType = wrapper.framework; name = CoreGraphics.framework; path = System/Library/Frameworks/CoreGraphics.framework; sourceTree = SDKROOT; };
		D70013731C38F6D0008789EB /* Foundation.framework */ = {isa = PBXFileReference; lastKnownFileType = wrapper.framework; name = Foundation.framework; path = System/Library/Frameworks/Foundation.framework; sourceTree = SDKROOT; };
		D70013751C38F6DA008789EB /* UIKit.framework */ = {isa = PBXFileReference; lastKnownFileType = wrapper.framework; name = UIKit.framework; path = System/Library/Frameworks/UIKit.framework; sourceTree = SDKROOT; };
		D70013771C38F6EA008789EB /* SystemConfiguration.framework */ = {isa = PBXFileReference; lastKnownFileType = wrapper.framework; name = SystemConfiguration.framework; path = System/Library/Frameworks/SystemConfiguration.framework; sourceTree = SDKROOT; };
		D70013791C38F6FD008789EB /* Security.framework */ = {isa = PBXFileReference; lastKnownFileType = wrapper.framework; name = Security.framework; path = System/Library/Frameworks/Security.framework; sourceTree = SDKROOT; };
		D700137B1C38F709008789EB /* QuartzCore.framework */ = {isa = PBXFileReference; lastKnownFileType = wrapper.framework; name = QuartzCore.framework; path = System/Library/Frameworks/QuartzCore.framework; sourceTree = SDKROOT; };
		D700137D1C38F716008789EB /* MobileCoreServices.framework */ = {isa = PBXFileReference; lastKnownFileType = wrapper.framework; name = MobileCoreServices.framework; path = System/Library/Frameworks/MobileCoreServices.framework; sourceTree = SDKROOT; };
		D700137F1C38F724008789EB /* CFNetwork.framework */ = {isa = PBXFileReference; lastKnownFileType = wrapper.framework; name = CFNetwork.framework; path = System/Library/Frameworks/CFNetwork.framework; sourceTree = SDKROOT; };
		D70013811C38F733008789EB /* AudioToolbox.framework */ = {isa = PBXFileReference; lastKnownFileType = wrapper.framework; name = AudioToolbox.framework; path = System/Library/Frameworks/AudioToolbox.framework; sourceTree = SDKROOT; };
		D70013831C38F743008789EB /* CoreLocation.framework */ = {isa = PBXFileReference; lastKnownFileType = wrapper.framework; name = CoreLocation.framework; path = System/Library/Frameworks/CoreLocation.framework; sourceTree = SDKROOT; };
		D70013851C38F74D008789EB /* StoreKit.framework */ = {isa = PBXFileReference; lastKnownFileType = wrapper.framework; name = StoreKit.framework; path = System/Library/Frameworks/StoreKit.framework; sourceTree = SDKROOT; };
		D700139F1C391517008789EB /* MyHistoryViewController.h */ = {isa = PBXFileReference; fileEncoding = 4; lastKnownFileType = sourcecode.c.h; path = MyHistoryViewController.h; sourceTree = "<group>"; };
		D70013A01C391517008789EB /* MyHistoryViewController.m */ = {isa = PBXFileReference; fileEncoding = 4; lastKnownFileType = sourcecode.c.objc; path = MyHistoryViewController.m; sourceTree = "<group>"; };
		D70013A31C392158008789EB /* LoveHappensTableViewCell.h */ = {isa = PBXFileReference; fileEncoding = 4; lastKnownFileType = sourcecode.c.h; path = LoveHappensTableViewCell.h; sourceTree = "<group>"; };
		D70013A41C392158008789EB /* LoveHappensTableViewCell.m */ = {isa = PBXFileReference; fileEncoding = 4; lastKnownFileType = sourcecode.c.objc; path = LoveHappensTableViewCell.m; sourceTree = "<group>"; };
		D70013A51C392158008789EB /* LoveHappensTableViewCell.xib */ = {isa = PBXFileReference; fileEncoding = 4; lastKnownFileType = file.xib; path = LoveHappensTableViewCell.xib; sourceTree = "<group>"; };
		D70013A81C392923008789EB /* ActionChoiceViewController.h */ = {isa = PBXFileReference; fileEncoding = 4; lastKnownFileType = sourcecode.c.h; path = ActionChoiceViewController.h; sourceTree = "<group>"; };
		D70013A91C392923008789EB /* ActionChoiceViewController.m */ = {isa = PBXFileReference; fileEncoding = 4; lastKnownFileType = sourcecode.c.objc; path = ActionChoiceViewController.m; sourceTree = "<group>"; };
		D70013AB1C392C9F008789EB /* SendActionViewController.h */ = {isa = PBXFileReference; fileEncoding = 4; lastKnownFileType = sourcecode.c.h; path = SendActionViewController.h; sourceTree = "<group>"; };
		D70013AC1C392C9F008789EB /* SendActionViewController.m */ = {isa = PBXFileReference; fileEncoding = 4; lastKnownFileType = sourcecode.c.objc; path = SendActionViewController.m; sourceTree = "<group>"; };
		F1D909871B24560C0B531641 /* Pods-Red.debug.xcconfig */ = {isa = PBXFileReference; includeInIndex = 1; lastKnownFileType = text.xcconfig; name = "Pods-Red.debug.xcconfig"; path = "Pods/Target Support Files/Pods-Red/Pods-Red.debug.xcconfig"; sourceTree = "<group>"; };
/* End PBXFileReference section */

/* Begin PBXFrameworksBuildPhase section */
		D700131E1C37A65B008789EB /* Frameworks */ = {
			isa = PBXFrameworksBuildPhase;
			buildActionMask = 2147483647;
			files = (
				D70013861C38F74D008789EB /* StoreKit.framework in Frameworks */,
				D70013841C38F743008789EB /* CoreLocation.framework in Frameworks */,
				D70013821C38F733008789EB /* AudioToolbox.framework in Frameworks */,
				D70013801C38F724008789EB /* CFNetwork.framework in Frameworks */,
				D700137E1C38F716008789EB /* MobileCoreServices.framework in Frameworks */,
				D700137C1C38F709008789EB /* QuartzCore.framework in Frameworks */,
				D700137A1C38F6FD008789EB /* Security.framework in Frameworks */,
				D70013781C38F6EA008789EB /* SystemConfiguration.framework in Frameworks */,
				D70013761C38F6DA008789EB /* UIKit.framework in Frameworks */,
				D70013741C38F6D0008789EB /* Foundation.framework in Frameworks */,
				D70013721C38F6C1008789EB /* CoreGraphics.framework in Frameworks */,
				7C1E97C342FC9374E7E7227C /* libPods-Red.a in Frameworks */,
			);
			runOnlyForDeploymentPostprocessing = 0;
		};
		D70013371C37A65B008789EB /* Frameworks */ = {
			isa = PBXFrameworksBuildPhase;
			buildActionMask = 2147483647;
			files = (
			);
			runOnlyForDeploymentPostprocessing = 0;
		};
		D70013421C37A65B008789EB /* Frameworks */ = {
			isa = PBXFrameworksBuildPhase;
			buildActionMask = 2147483647;
			files = (
			);
			runOnlyForDeploymentPostprocessing = 0;
		};
/* End PBXFrameworksBuildPhase section */

/* Begin PBXGroup section */
		A0DD7F97551C4DC0D766C6F0 /* Frameworks */ = {
			isa = PBXGroup;
			children = (
				D70013851C38F74D008789EB /* StoreKit.framework */,
				D70013831C38F743008789EB /* CoreLocation.framework */,
				D70013811C38F733008789EB /* AudioToolbox.framework */,
				D700137F1C38F724008789EB /* CFNetwork.framework */,
				D700137D1C38F716008789EB /* MobileCoreServices.framework */,
				D700137B1C38F709008789EB /* QuartzCore.framework */,
				D70013791C38F6FD008789EB /* Security.framework */,
				D70013771C38F6EA008789EB /* SystemConfiguration.framework */,
				D70013751C38F6DA008789EB /* UIKit.framework */,
				D70013731C38F6D0008789EB /* Foundation.framework */,
				D70013711C38F6C1008789EB /* CoreGraphics.framework */,
				34F9B39990F23153DB72FF6B /* libPods-Red.a */,
			);
			name = Frameworks;
			sourceTree = "<group>";
		};
		D70013181C37A65A008789EB = {
			isa = PBXGroup;
			children = (
				D70013231C37A65B008789EB /* Red */,
				D700133D1C37A65B008789EB /* RedTests */,
				D70013481C37A65B008789EB /* RedUITests */,
				D70013221C37A65B008789EB /* Products */,
				FDCAC72B4339E49B61A76DFE /* Pods */,
				A0DD7F97551C4DC0D766C6F0 /* Frameworks */,
			);
			sourceTree = "<group>";
		};
		D70013221C37A65B008789EB /* Products */ = {
			isa = PBXGroup;
			children = (
				D70013211C37A65B008789EB /* Red.app */,
				D700133A1C37A65B008789EB /* RedTests.xctest */,
				D70013451C37A65B008789EB /* RedUITests.xctest */,
			);
			name = Products;
			sourceTree = "<group>";
		};
		D70013231C37A65B008789EB /* Red */ = {
			isa = PBXGroup;
			children = (
				D70013A21C392128008789EB /* cells */,
				D70013641C37B29F008789EB /* common */,
				D70013571C37B0FC008789EB /* views */,
				D70013271C37A65B008789EB /* AppDelegate.h */,
				D70013281C37A65B008789EB /* AppDelegate.m */,
				D700132A1C37A65B008789EB /* ViewController.h */,
				D700132B1C37A65B008789EB /* ViewController.m */,
				D700132D1C37A65B008789EB /* Main.storyboard */,
				D70013301C37A65B008789EB /* Assets.xcassets */,
				D70013321C37A65B008789EB /* LaunchScreen.storyboard */,
				D70013351C37A65B008789EB /* Info.plist */,
				D70013241C37A65B008789EB /* Supporting Files */,
			);
			path = Red;
			sourceTree = "<group>";
		};
		D70013241C37A65B008789EB /* Supporting Files */ = {
			isa = PBXGroup;
			children = (
				D70013251C37A65B008789EB /* main.m */,
				D70013681C37B67E008789EB /* Red_Prefix.pch */,
			);
			name = "Supporting Files";
			sourceTree = "<group>";
		};
		D700133D1C37A65B008789EB /* RedTests */ = {
			isa = PBXGroup;
			children = (
				D700133E1C37A65B008789EB /* RedTests.m */,
				D70013401C37A65B008789EB /* Info.plist */,
			);
			path = RedTests;
			sourceTree = "<group>";
		};
		D70013481C37A65B008789EB /* RedUITests */ = {
			isa = PBXGroup;
			children = (
				D70013491C37A65B008789EB /* RedUITests.m */,
				D700134B1C37A65B008789EB /* Info.plist */,
			);
			path = RedUITests;
			sourceTree = "<group>";
		};
		D70013571C37B0FC008789EB /* views */ = {
			isa = PBXGroup;
			children = (
				D70013581C37B12B008789EB /* MainViewController.h */,
				D70013591C37B12B008789EB /* MainViewController.m */,
				D700135B1C37B13F008789EB /* ProfileViewController.h */,
				D700135C1C37B13F008789EB /* ProfileViewController.m */,
				D700135E1C37B15B008789EB /* LoveHappensViewController.h */,
				D700135F1C37B15B008789EB /* LoveHappensViewController.m */,
				D70013611C37B174008789EB /* InterestsViewController.h */,
				D70013621C37B174008789EB /* InterestsViewController.m */,
				D700139F1C391517008789EB /* MyHistoryViewController.h */,
				D70013A01C391517008789EB /* MyHistoryViewController.m */,
				D70013A81C392923008789EB /* ActionChoiceViewController.h */,
				D70013A91C392923008789EB /* ActionChoiceViewController.m */,
				D70013AB1C392C9F008789EB /* SendActionViewController.h */,
				D70013AC1C392C9F008789EB /* SendActionViewController.m */,
			);
			name = views;
			sourceTree = "<group>";
		};
		D70013641C37B29F008789EB /* common */ = {
			isa = PBXGroup;
			children = (
				D70013651C37B2CB008789EB /* DBButton.h */,
				D70013661C37B2CB008789EB /* DBButton.m */,
			);
			name = common;
			sourceTree = "<group>";
		};
		D70013A21C392128008789EB /* cells */ = {
			isa = PBXGroup;
			children = (
				D70013A31C392158008789EB /* LoveHappensTableViewCell.h */,
				D70013A41C392158008789EB /* LoveHappensTableViewCell.m */,
				D70013A51C392158008789EB /* LoveHappensTableViewCell.xib */,
			);
			name = cells;
			sourceTree = "<group>";
		};
		FDCAC72B4339E49B61A76DFE /* Pods */ = {
			isa = PBXGroup;
			children = (
				F1D909871B24560C0B531641 /* Pods-Red.debug.xcconfig */,
				0552B29D5E0BD2AE7814B48D /* Pods-Red.release.xcconfig */,
			);
			name = Pods;
			sourceTree = "<group>";
		};
/* End PBXGroup section */

/* Begin PBXNativeTarget section */
		D70013201C37A65B008789EB /* Red */ = {
			isa = PBXNativeTarget;
			buildConfigurationList = D700134E1C37A65B008789EB /* Build configuration list for PBXNativeTarget "Red" */;
			buildPhases = (
				C7317DFF1C939E79AF228DAE /* Check Pods Manifest.lock */,
				D700131D1C37A65B008789EB /* Sources */,
				D700131E1C37A65B008789EB /* Frameworks */,
				D700131F1C37A65B008789EB /* Resources */,
				288C1345894B29CE9EC5B589 /* Embed Pods Frameworks */,
				F0B3AB34D5C5FDA3CFF0F35F /* Copy Pods Resources */,
			);
			buildRules = (
			);
			dependencies = (
			);
			name = Red;
			productName = Red;
			productReference = D70013211C37A65B008789EB /* Red.app */;
			productType = "com.apple.product-type.application";
		};
		D70013391C37A65B008789EB /* RedTests */ = {
			isa = PBXNativeTarget;
			buildConfigurationList = D70013511C37A65B008789EB /* Build configuration list for PBXNativeTarget "RedTests" */;
			buildPhases = (
				D70013361C37A65B008789EB /* Sources */,
				D70013371C37A65B008789EB /* Frameworks */,
				D70013381C37A65B008789EB /* Resources */,
			);
			buildRules = (
			);
			dependencies = (
				D700133C1C37A65B008789EB /* PBXTargetDependency */,
			);
			name = RedTests;
			productName = RedTests;
			productReference = D700133A1C37A65B008789EB /* RedTests.xctest */;
			productType = "com.apple.product-type.bundle.unit-test";
		};
		D70013441C37A65B008789EB /* RedUITests */ = {
			isa = PBXNativeTarget;
			buildConfigurationList = D70013541C37A65B008789EB /* Build configuration list for PBXNativeTarget "RedUITests" */;
			buildPhases = (
				D70013411C37A65B008789EB /* Sources */,
				D70013421C37A65B008789EB /* Frameworks */,
				D70013431C37A65B008789EB /* Resources */,
			);
			buildRules = (
			);
			dependencies = (
				D70013471C37A65B008789EB /* PBXTargetDependency */,
			);
			name = RedUITests;
			productName = RedUITests;
			productReference = D70013451C37A65B008789EB /* RedUITests.xctest */;
			productType = "com.apple.product-type.bundle.ui-testing";
		};
/* End PBXNativeTarget section */

/* Begin PBXProject section */
		D70013191C37A65A008789EB /* Project object */ = {
			isa = PBXProject;
			attributes = {
				LastUpgradeCheck = 0720;
				ORGANIZATIONNAME = "Amirul Islam";
				TargetAttributes = {
					D70013201C37A65B008789EB = {
						CreatedOnToolsVersion = 7.2;
					};
					D70013391C37A65B008789EB = {
						CreatedOnToolsVersion = 7.2;
						TestTargetID = D70013201C37A65B008789EB;
					};
					D70013441C37A65B008789EB = {
						CreatedOnToolsVersion = 7.2;
						TestTargetID = D70013201C37A65B008789EB;
					};
				};
			};
			buildConfigurationList = D700131C1C37A65B008789EB /* Build configuration list for PBXProject "Red" */;
			compatibilityVersion = "Xcode 3.2";
			developmentRegion = English;
			hasScannedForEncodings = 0;
			knownRegions = (
				en,
				Base,
			);
			mainGroup = D70013181C37A65A008789EB;
			productRefGroup = D70013221C37A65B008789EB /* Products */;
			projectDirPath = "";
			projectRoot = "";
			targets = (
				D70013201C37A65B008789EB /* Red */,
				D70013391C37A65B008789EB /* RedTests */,
				D70013441C37A65B008789EB /* RedUITests */,
			);
		};
/* End PBXProject section */

/* Begin PBXResourcesBuildPhase section */
		D700131F1C37A65B008789EB /* Resources */ = {
			isa = PBXResourcesBuildPhase;
			buildActionMask = 2147483647;
			files = (
				D70013341C37A65B008789EB /* LaunchScreen.storyboard in Resources */,
				D70013A71C392158008789EB /* LoveHappensTableViewCell.xib in Resources */,
				D70013311C37A65B008789EB /* Assets.xcassets in Resources */,
				D700132F1C37A65B008789EB /* Main.storyboard in Resources */,
			);
			runOnlyForDeploymentPostprocessing = 0;
		};
		D70013381C37A65B008789EB /* Resources */ = {
			isa = PBXResourcesBuildPhase;
			buildActionMask = 2147483647;
			files = (
			);
			runOnlyForDeploymentPostprocessing = 0;
		};
		D70013431C37A65B008789EB /* Resources */ = {
			isa = PBXResourcesBuildPhase;
			buildActionMask = 2147483647;
			files = (
			);
			runOnlyForDeploymentPostprocessing = 0;
		};
/* End PBXResourcesBuildPhase section */

/* Begin PBXShellScriptBuildPhase section */
		288C1345894B29CE9EC5B589 /* Embed Pods Frameworks */ = {
			isa = PBXShellScriptBuildPhase;
			buildActionMask = 2147483647;
			files = (
			);
			inputPaths = (
			);
			name = "Embed Pods Frameworks";
			outputPaths = (
			);
			runOnlyForDeploymentPostprocessing = 0;
			shellPath = /bin/sh;
			shellScript = "\"${SRCROOT}/Pods/Target Support Files/Pods-Red/Pods-Red-frameworks.sh\"\n";
			showEnvVarsInLog = 0;
		};
		C7317DFF1C939E79AF228DAE /* Check Pods Manifest.lock */ = {
			isa = PBXShellScriptBuildPhase;
			buildActionMask = 2147483647;
			files = (
			);
			inputPaths = (
			);
			name = "Check Pods Manifest.lock";
			outputPaths = (
			);
			runOnlyForDeploymentPostprocessing = 0;
			shellPath = /bin/sh;
			shellScript = "diff \"${PODS_ROOT}/../Podfile.lock\" \"${PODS_ROOT}/Manifest.lock\" > /dev/null\nif [[ $? != 0 ]] ; then\n    cat << EOM\nerror: The sandbox is not in sync with the Podfile.lock. Run 'pod install' or update your CocoaPods installation.\nEOM\n    exit 1\nfi\n";
			showEnvVarsInLog = 0;
		};
		F0B3AB34D5C5FDA3CFF0F35F /* Copy Pods Resources */ = {
			isa = PBXShellScriptBuildPhase;
			buildActionMask = 2147483647;
			files = (
			);
			inputPaths = (
			);
			name = "Copy Pods Resources";
			outputPaths = (
			);
			runOnlyForDeploymentPostprocessing = 0;
			shellPath = /bin/sh;
			shellScript = "\"${SRCROOT}/Pods/Target Support Files/Pods-Red/Pods-Red-resources.sh\"\n";
			showEnvVarsInLog = 0;
		};
/* End PBXShellScriptBuildPhase section */

/* Begin PBXSourcesBuildPhase section */
		D700131D1C37A65B008789EB /* Sources */ = {
			isa = PBXSourcesBuildPhase;
			buildActionMask = 2147483647;
			files = (
				D70013601C37B15B008789EB /* LoveHappensViewController.m in Sources */,
				D700132C1C37A65B008789EB /* ViewController.m in Sources */,
				D70013AA1C392923008789EB /* ActionChoiceViewController.m in Sources */,
				D70013631C37B174008789EB /* InterestsViewController.m in Sources */,
				D70013A11C391517008789EB /* MyHistoryViewController.m in Sources */,
				D70013291C37A65B008789EB /* AppDelegate.m in Sources */,
				D70013A61C392158008789EB /* LoveHappensTableViewCell.m in Sources */,
				D70013261C37A65B008789EB /* main.m in Sources */,
				D70013AD1C392C9F008789EB /* SendActionViewController.m in Sources */,
				D700135A1C37B12B008789EB /* MainViewController.m in Sources */,
				D700135D1C37B13F008789EB /* ProfileViewController.m in Sources */,
				D70013671C37B2CB008789EB /* DBButton.m in Sources */,
			);
			runOnlyForDeploymentPostprocessing = 0;
		};
		D70013361C37A65B008789EB /* Sources */ = {
			isa = PBXSourcesBuildPhase;
			buildActionMask = 2147483647;
			files = (
				D700133F1C37A65B008789EB /* RedTests.m in Sources */,
			);
			runOnlyForDeploymentPostprocessing = 0;
		};
		D70013411C37A65B008789EB /* Sources */ = {
			isa = PBXSourcesBuildPhase;
			buildActionMask = 2147483647;
			files = (
				D700134A1C37A65B008789EB /* RedUITests.m in Sources */,
			);
			runOnlyForDeploymentPostprocessing = 0;
		};
/* End PBXSourcesBuildPhase section */

/* Begin PBXTargetDependency section */
		D700133C1C37A65B008789EB /* PBXTargetDependency */ = {
			isa = PBXTargetDependency;
			target = D70013201C37A65B008789EB /* Red */;
			targetProxy = D700133B1C37A65B008789EB /* PBXContainerItemProxy */;
		};
		D70013471C37A65B008789EB /* PBXTargetDependency */ = {
			isa = PBXTargetDependency;
			target = D70013201C37A65B008789EB /* Red */;
			targetProxy = D70013461C37A65B008789EB /* PBXContainerItemProxy */;
		};
/* End PBXTargetDependency section */

/* Begin PBXVariantGroup section */
		D700132D1C37A65B008789EB /* Main.storyboard */ = {
			isa = PBXVariantGroup;
			children = (
				D700132E1C37A65B008789EB /* Base */,
			);
			name = Main.storyboard;
			sourceTree = "<group>";
		};
		D70013321C37A65B008789EB /* LaunchScreen.storyboard */ = {
			isa = PBXVariantGroup;
			children = (
				D70013331C37A65B008789EB /* Base */,
			);
			name = LaunchScreen.storyboard;
			sourceTree = "<group>";
		};
/* End PBXVariantGroup section */

/* Begin XCBuildConfiguration section */
		D700134C1C37A65B008789EB /* Debug */ = {
			isa = XCBuildConfiguration;
			buildSettings = {
				ALWAYS_SEARCH_USER_PATHS = NO;
				CLANG_CXX_LANGUAGE_STANDARD = "gnu++0x";
				CLANG_CXX_LIBRARY = "libc++";
				CLANG_ENABLE_MODULES = YES;
				CLANG_ENABLE_OBJC_ARC = YES;
				CLANG_WARN_BOOL_CONVERSION = YES;
				CLANG_WARN_CONSTANT_CONVERSION = YES;
				CLANG_WARN_DIRECT_OBJC_ISA_USAGE = YES_ERROR;
				CLANG_WARN_EMPTY_BODY = YES;
				CLANG_WARN_ENUM_CONVERSION = YES;
				CLANG_WARN_INT_CONVERSION = YES;
				CLANG_WARN_OBJC_ROOT_CLASS = YES_ERROR;
				CLANG_WARN_UNREACHABLE_CODE = YES;
				CLANG_WARN__DUPLICATE_METHOD_MATCH = YES;
				"CODE_SIGN_IDENTITY[sdk=iphoneos*]" = "iPhone Developer";
				COPY_PHASE_STRIP = NO;
				DEBUG_INFORMATION_FORMAT = dwarf;
				ENABLE_STRICT_OBJC_MSGSEND = YES;
				ENABLE_TESTABILITY = YES;
				GCC_C_LANGUAGE_STANDARD = gnu99;
				GCC_DYNAMIC_NO_PIC = NO;
				GCC_NO_COMMON_BLOCKS = YES;
				GCC_OPTIMIZATION_LEVEL = 0;
				GCC_PREPROCESSOR_DEFINITIONS = (
					"DEBUG=1",
					"$(inherited)",
				);
				GCC_WARN_64_TO_32_BIT_CONVERSION = YES;
				GCC_WARN_ABOUT_RETURN_TYPE = YES_ERROR;
				GCC_WARN_UNDECLARED_SELECTOR = YES;
				GCC_WARN_UNINITIALIZED_AUTOS = YES_AGGRESSIVE;
				GCC_WARN_UNUSED_FUNCTION = YES;
				GCC_WARN_UNUSED_VARIABLE = YES;
				IPHONEOS_DEPLOYMENT_TARGET = 9.2;
				MTL_ENABLE_DEBUG_INFO = YES;
				ONLY_ACTIVE_ARCH = YES;
				SDKROOT = iphoneos;
			};
			name = Debug;
		};
		D700134D1C37A65B008789EB /* Release */ = {
			isa = XCBuildConfiguration;
			buildSettings = {
				ALWAYS_SEARCH_USER_PATHS = NO;
				CLANG_CXX_LANGUAGE_STANDARD = "gnu++0x";
				CLANG_CXX_LIBRARY = "libc++";
				CLANG_ENABLE_MODULES = YES;
				CLANG_ENABLE_OBJC_ARC = YES;
				CLANG_WARN_BOOL_CONVERSION = YES;
				CLANG_WARN_CONSTANT_CONVERSION = YES;
				CLANG_WARN_DIRECT_OBJC_ISA_USAGE = YES_ERROR;
				CLANG_WARN_EMPTY_BODY = YES;
				CLANG_WARN_ENUM_CONVERSION = YES;
				CLANG_WARN_INT_CONVERSION = YES;
				CLANG_WARN_OBJC_ROOT_CLASS = YES_ERROR;
				CLANG_WARN_UNREACHABLE_CODE = YES;
				CLANG_WARN__DUPLICATE_METHOD_MATCH = YES;
				"CODE_SIGN_IDENTITY[sdk=iphoneos*]" = "iPhone Developer";
				COPY_PHASE_STRIP = NO;
				DEBUG_INFORMATION_FORMAT = "dwarf-with-dsym";
				ENABLE_NS_ASSERTIONS = NO;
				ENABLE_STRICT_OBJC_MSGSEND = YES;
				GCC_C_LANGUAGE_STANDARD = gnu99;
				GCC_NO_COMMON_BLOCKS = YES;
				GCC_WARN_64_TO_32_BIT_CONVERSION = YES;
				GCC_WARN_ABOUT_RETURN_TYPE = YES_ERROR;
				GCC_WARN_UNDECLARED_SELECTOR = YES;
				GCC_WARN_UNINITIALIZED_AUTOS = YES_AGGRESSIVE;
				GCC_WARN_UNUSED_FUNCTION = YES;
				GCC_WARN_UNUSED_VARIABLE = YES;
				IPHONEOS_DEPLOYMENT_TARGET = 9.2;
				MTL_ENABLE_DEBUG_INFO = NO;
				SDKROOT = iphoneos;
				VALIDATE_PRODUCT = YES;
			};
			name = Release;
		};
		D700134F1C37A65B008789EB /* Debug */ = {
			isa = XCBuildConfiguration;
			baseConfigurationReference = F1D909871B24560C0B531641 /* Pods-Red.debug.xcconfig */;
			buildSettings = {
				ASSETCATALOG_COMPILER_APPICON_NAME = AppIcon;
				CLANG_ALLOW_NON_MODULAR_INCLUDES_IN_FRAMEWORK_MODULES = NO;
				FRAMEWORK_SEARCH_PATHS = (
					"$(PROJECT_DIR)",
					"$(PROJECT_DIR)/Documents/FacebookSDK",
				);
				GCC_PRECOMPILE_PREFIX_HEADER = YES;
				GCC_PREFIX_HEADER = "";
				INFOPLIST_FILE = Red/Info.plist;
				IPHONEOS_DEPLOYMENT_TARGET = 9.2;
				LD_RUNPATH_SEARCH_PATHS = "$(inherited) @executable_path/Frameworks";
				PRODUCT_BUNDLE_IDENTIFIER = com.Aanflex.Red;
				PRODUCT_NAME = "$(TARGET_NAME)";
			};
			name = Debug;
		};
		D70013501C37A65B008789EB /* Release */ = {
			isa = XCBuildConfiguration;
			baseConfigurationReference = 0552B29D5E0BD2AE7814B48D /* Pods-Red.release.xcconfig */;
			buildSettings = {
				ASSETCATALOG_COMPILER_APPICON_NAME = AppIcon;
				CLANG_ALLOW_NON_MODULAR_INCLUDES_IN_FRAMEWORK_MODULES = NO;
				FRAMEWORK_SEARCH_PATHS = (
					"$(PROJECT_DIR)",
					"$(PROJECT_DIR)/Documents/FacebookSDK",
				);
				GCC_PRECOMPILE_PREFIX_HEADER = YES;
				GCC_PREFIX_HEADER = "";
				INFOPLIST_FILE = Red/Info.plist;
				IPHONEOS_DEPLOYMENT_TARGET = 9.2;
				LD_RUNPATH_SEARCH_PATHS = "$(inherited) @executable_path/Frameworks";
				PRODUCT_BUNDLE_IDENTIFIER = com.Aanflex.Red;
				PRODUCT_NAME = "$(TARGET_NAME)";
			};
			name = Release;
		};
		D70013521C37A65B008789EB /* Debug */ = {
			isa = XCBuildConfiguration;
			buildSettings = {
				BUNDLE_LOADER = "$(TEST_HOST)";
				INFOPLIST_FILE = RedTests/Info.plist;
				LD_RUNPATH_SEARCH_PATHS = "$(inherited) @executable_path/Frameworks @loader_path/Frameworks";
				PRODUCT_BUNDLE_IDENTIFIER = com.Aanflex.RedTests;
				PRODUCT_NAME = "$(TARGET_NAME)";
				TEST_HOST = "$(BUILT_PRODUCTS_DIR)/Red.app/Red";
			};
			name = Debug;
		};
		D70013531C37A65B008789EB /* Release */ = {
			isa = XCBuildConfiguration;
			buildSettings = {
				BUNDLE_LOADER = "$(TEST_HOST)";
				INFOPLIST_FILE = RedTests/Info.plist;
				LD_RUNPATH_SEARCH_PATHS = "$(inherited) @executable_path/Frameworks @loader_path/Frameworks";
				PRODUCT_BUNDLE_IDENTIFIER = com.Aanflex.RedTests;
				PRODUCT_NAME = "$(TARGET_NAME)";
				TEST_HOST = "$(BUILT_PRODUCTS_DIR)/Red.app/Red";
			};
			name = Release;
		};
		D70013551C37A65B008789EB /* Debug */ = {
			isa = XCBuildConfiguration;
			buildSettings = {
				INFOPLIST_FILE = RedUITests/Info.plist;
				LD_RUNPATH_SEARCH_PATHS = "$(inherited) @executable_path/Frameworks @loader_path/Frameworks";
				PRODUCT_BUNDLE_IDENTIFIER = com.Aanflex.RedUITests;
				PRODUCT_NAME = "$(TARGET_NAME)";
				TEST_TARGET_NAME = Red;
				USES_XCTRUNNER = YES;
			};
			name = Debug;
		};
		D70013561C37A65B008789EB /* Release */ = {
			isa = XCBuildConfiguration;
			buildSettings = {
				INFOPLIST_FILE = RedUITests/Info.plist;
				LD_RUNPATH_SEARCH_PATHS = "$(inherited) @executable_path/Frameworks @loader_path/Frameworks";
				PRODUCT_BUNDLE_IDENTIFIER = com.Aanflex.RedUITests;
				PRODUCT_NAME = "$(TARGET_NAME)";
				TEST_TARGET_NAME = Red;
				USES_XCTRUNNER = YES;
			};
			name = Release;
		};
/* End XCBuildConfiguration section */

/* Begin XCConfigurationList section */
		D700131C1C37A65B008789EB /* Build configuration list for PBXProject "Red" */ = {
			isa = XCConfigurationList;
			buildConfigurations = (
				D700134C1C37A65B008789EB /* Debug */,
				D700134D1C37A65B008789EB /* Release */,
			);
			defaultConfigurationIsVisible = 0;
			defaultConfigurationName = Release;
		};
		D700134E1C37A65B008789EB /* Build configuration list for PBXNativeTarget "Red" */ = {
			isa = XCConfigurationList;
			buildConfigurations = (
				D700134F1C37A65B008789EB /* Debug */,
				D70013501C37A65B008789EB /* Release */,
			);
			defaultConfigurationIsVisible = 0;
			defaultConfigurationName = Release;
		};
		D70013511C37A65B008789EB /* Build configuration list for PBXNativeTarget "RedTests" */ = {
			isa = XCConfigurationList;
			buildConfigurations = (
				D70013521C37A65B008789EB /* Debug */,
				D70013531C37A65B008789EB /* Release */,
			);
			defaultConfigurationIsVisible = 0;
			defaultConfigurationName = Release;
		};
		D70013541C37A65B008789EB /* Build configuration list for PBXNativeTarget "RedUITests" */ = {
			isa = XCConfigurationList;
			buildConfigurations = (
				D70013551C37A65B008789EB /* Debug */,
				D70013561C37A65B008789EB /* Release */,
			);
			defaultConfigurationIsVisible = 0;
			defaultConfigurationName = Release;
		};
/* End XCConfigurationList section */
	};
	rootObject = D70013191C37A65A008789EB /* Project object */;
}
